
Microsoft Visual Studio Solution File, Format Version 12.00
# Visual Studio 15
VisualStudioVersion = 15.0.28010.2048
MinimumVisualStudioVersion = 10.0.40219.1
Project("{FAE04EC0-301F-11D3-BF4B-00C04F79EFBC}") = "FlxIssue", "FlxIssue\FlxIssue.csproj", "{8C1539E5-2438-4B8B-BA0A-6F825E49C723}"
EndProject
Global
	GlobalSection(SolutionConfigurationPlatforms) = preSolution
		Debug|Any CPU = Debug|Any CPU
		Release|Any CPU = Release|Any CPU
	EndGlobalSection
	GlobalSection(ProjectConfigurationPlatforms) = postSolution
		{8C1539E5-2438-4B8B-BA0A-6F825E49C723}.Debug|Any CPU.ActiveCfg = Debug|Any CPU
		{8C1539E5-2438-4B8B-BA0A-6F825E49C723}.Debug|Any CPU.Build.0 = Debug|Any CPU
		{8C1539E5-2438-4B8B-BA0A-6F825E49C723}.Release|Any CPU.ActiveCfg = Release|Any CPU
		{8C1539E5-2438-4B8B-BA0A-6F825E49C723}.Release|Any CPU.Build.0 = Release|Any CPU
	EndGlobalSection
	GlobalSection(SolutionProperties) = preSolution
		HideSolutionNode = FALSE
	EndGlobalSection
	GlobalSection(ExtensibilityGlobals) = postSolution
		SolutionGuid = {F69AA0EA-F95F-42F0-91D0-85F83A4C38C1}
	EndGlobalSection
EndGlobal
